// !$*UTF8*$!
{
	archiveVersion = 1;
	classes = {
	};
	objectVersion = 56;
	objects = {

/* Begin PBXBuildFile section */
		DB2FDCC02BD004E60036D325 /* TestView.swift in Sources */ = {isa = PBXBuildFile; fileRef = DB2FDCBF2BD004E60036D325 /* TestView.swift */; };
		DB2FDCC22BD006560036D325 /* ButtonView.swift in Sources */ = {isa = PBXBuildFile; fileRef = DB2FDCC12BD006560036D325 /* ButtonView.swift */; };
		DB2FDCC42BD0073B0036D325 /* SubTextModifier.swift in Sources */ = {isa = PBXBuildFile; fileRef = DB2FDCC32BD0073B0036D325 /* SubTextModifier.swift */; };
		DB2FDCC62BD0088D0036D325 /* SecondView.swift in Sources */ = {isa = PBXBuildFile; fileRef = DB2FDCC52BD0088D0036D325 /* SecondView.swift */; };
		DB2FDCC82BD008E10036D325 /* MainTextModifier.swift in Sources */ = {isa = PBXBuildFile; fileRef = DB2FDCC72BD008E10036D325 /* MainTextModifier.swift */; };
		DB2FDCCA2BD00E660036D325 /* ThirdView.swift in Sources */ = {isa = PBXBuildFile; fileRef = DB2FDCC92BD00E660036D325 /* ThirdView.swift */; };
		DB2FDCCC2BD0103F0036D325 /* RecButtonView.swift in Sources */ = {isa = PBXBuildFile; fileRef = DB2FDCCB2BD0103F0036D325 /* RecButtonView.swift */; };
		DBCBE3EC2BCFF4B800B6DAC5 /* SwiftUIPracticeApp.swift in Sources */ = {isa = PBXBuildFile; fileRef = DBCBE3EB2BCFF4B800B6DAC5 /* SwiftUIPracticeApp.swift */; };
		DBCBE3EE2BCFF4B800B6DAC5 /* ContentView.swift in Sources */ = {isa = PBXBuildFile; fileRef = DBCBE3ED2BCFF4B800B6DAC5 /* ContentView.swift */; };
		DBCBE3F02BCFF4B900B6DAC5 /* Assets.xcassets in Resources */ = {isa = PBXBuildFile; fileRef = DBCBE3EF2BCFF4B900B6DAC5 /* Assets.xcassets */; };
		DBCBE3F32BCFF4B900B6DAC5 /* Preview Assets.xcassets in Resources */ = {isa = PBXBuildFile; fileRef = DBCBE3F22BCFF4B900B6DAC5 /* Preview Assets.xcassets */; };
		DBCBE3FA2BCFF61400B6DAC5 /* FirstView.swift in Sources */ = {isa = PBXBuildFile; fileRef = DBCBE3F92BCFF61400B6DAC5 /* FirstView.swift */; };
		DBCBE3FC2BCFF92A00B6DAC5 /* ImageTextView.swift in Sources */ = {isa = PBXBuildFile; fileRef = DBCBE3FB2BCFF92A00B6DAC5 /* ImageTextView.swift */; };
/* End PBXBuildFile section */

/* Begin PBXFileReference section */
		DB2FDCBF2BD004E60036D325 /* TestView.swift */ = {isa = PBXFileReference; lastKnownFileType = sourcecode.swift; path = TestView.swift; sourceTree = "<group>"; };
		DB2FDCC12BD006560036D325 /* ButtonView.swift */ = {isa = PBXFileReference; lastKnownFileType = sourcecode.swift; path = ButtonView.swift; sourceTree = "<group>"; };
		DB2FDCC32BD0073B0036D325 /* SubTextModifier.swift */ = {isa = PBXFileReference; lastKnownFileType = sourcecode.swift; path = SubTextModifier.swift; sourceTree = "<group>"; };
		DB2FDCC52BD0088D0036D325 /* SecondView.swift */ = {isa = PBXFileReference; lastKnownFileType = sourcecode.swift; path = SecondView.swift; sourceTree = "<group>"; };
		DB2FDCC72BD008E10036D325 /* MainTextModifier.swift */ = {isa = PBXFileReference; lastKnownFileType = sourcecode.swift; path = MainTextModifier.swift; sourceTree = "<group>"; };
		DB2FDCC92BD00E660036D325 /* ThirdView.swift */ = {isa = PBXFileReference; lastKnownFileType = sourcecode.swift; path = ThirdView.swift; sourceTree = "<group>"; };
		DB2FDCCB2BD0103F0036D325 /* RecButtonView.swift */ = {isa = PBXFileReference; lastKnownFileType = sourcecode.swift; path = RecButtonView.swift; sourceTree = "<group>"; };
		DBCBE3E82BCFF4B800B6DAC5 /* SwiftUIPractice.app */ = {isa = PBXFileReference; explicitFileType = wrapper.application; includeInIndex = 0; path = SwiftUIPractice.app; sourceTree = BUILT_PRODUCTS_DIR; };
		DBCBE3EB2BCFF4B800B6DAC5 /* SwiftUIPracticeApp.swift */ = {isa = PBXFileReference; lastKnownFileType = sourcecode.swift; path = SwiftUIPracticeApp.swift; sourceTree = "<group>"; };
		DBCBE3ED2BCFF4B800B6DAC5 /* ContentView.swift */ = {isa = PBXFileReference; lastKnownFileType = sourcecode.swift; path = ContentView.swift; sourceTree = "<group>"; };
		DBCBE3EF2BCFF4B900B6DAC5 /* Assets.xcassets */ = {isa = PBXFileReference; lastKnownFileType = folder.assetcatalog; path = Assets.xcassets; sourceTree = "<group>"; };
		DBCBE3F22BCFF4B900B6DAC5 /* Preview Assets.xcassets */ = {isa = PBXFileReference; lastKnownFileType = folder.assetcatalog; path = "Preview Assets.xcassets"; sourceTree = "<group>"; };
		DBCBE3F92BCFF61400B6DAC5 /* FirstView.swift */ = {isa = PBXFileReference; lastKnownFileType = sourcecode.swift; path = FirstView.swift; sourceTree = "<group>"; };
		DBCBE3FB2BCFF92A00B6DAC5 /* ImageTextView.swift */ = {isa = PBXFileReference; lastKnownFileType = sourcecode.swift; path = ImageTextView.swift; sourceTree = "<group>"; };
/* End PBXFileReference section */

/* Begin PBXFrameworksBuildPhase section */
		DBCBE3E52BCFF4B800B6DAC5 /* Frameworks */ = {
			isa = PBXFrameworksBuildPhase;
			buildActionMask = 2147483647;
			files = (
			);
			runOnlyForDeploymentPostprocessing = 0;
		};
/* End PBXFrameworksBuildPhase section */

/* Begin PBXGroup section */
		DBCBE3DF2BCFF4B800B6DAC5 = {
			isa = PBXGroup;
			children = (
				DBCBE3EA2BCFF4B800B6DAC5 /* SwiftUIPractice */,
				DBCBE3E92BCFF4B800B6DAC5 /* Products */,
			);
			sourceTree = "<group>";
		};
		DBCBE3E92BCFF4B800B6DAC5 /* Products */ = {
			isa = PBXGroup;
			children = (
				DBCBE3E82BCFF4B800B6DAC5 /* SwiftUIPractice.app */,
			);
			name = Products;
			sourceTree = "<group>";
		};
		DBCBE3EA2BCFF4B800B6DAC5 /* SwiftUIPractice */ = {
			isa = PBXGroup;
			children = (
				DBCBE3EB2BCFF4B800B6DAC5 /* SwiftUIPracticeApp.swift */,
				DBCBE3ED2BCFF4B800B6DAC5 /* ContentView.swift */,
				DBCBE3EF2BCFF4B900B6DAC5 /* Assets.xcassets */,
				DBCBE3F12BCFF4B900B6DAC5 /* Preview Content */,
				DBCBE3F92BCFF61400B6DAC5 /* FirstView.swift */,
				DB2FDCC52BD0088D0036D325 /* SecondView.swift */,
				DB2FDCC92BD00E660036D325 /* ThirdView.swift */,
				DBCBE3FB2BCFF92A00B6DAC5 /* ImageTextView.swift */,
				DB2FDCBF2BD004E60036D325 /* TestView.swift */,
				DB2FDCC12BD006560036D325 /* ButtonView.swift */,
				DB2FDCCB2BD0103F0036D325 /* RecButtonView.swift */,
				DB2FDCC32BD0073B0036D325 /* SubTextModifier.swift */,
				DB2FDCC72BD008E10036D325 /* MainTextModifier.swift */,
			);
			path = SwiftUIPractice;
			sourceTree = "<group>";
		};
		DBCBE3F12BCFF4B900B6DAC5 /* Preview Content */ = {
			isa = PBXGroup;
			children = (
				DBCBE3F22BCFF4B900B6DAC5 /* Preview Assets.xcassets */,
			);
			path = "Preview Content";
			sourceTree = "<group>";
		};
/* End PBXGroup section */

/* Begin PBXNativeTarget section */
		DBCBE3E72BCFF4B800B6DAC5 /* SwiftUIPractice */ = {
			isa = PBXNativeTarget;
			buildConfigurationList = DBCBE3F62BCFF4B900B6DAC5 /* Build configuration list for PBXNativeTarget "SwiftUIPractice" */;
			buildPhases = (
				DBCBE3E42BCFF4B800B6DAC5 /* Sources */,
				DBCBE3E52BCFF4B800B6DAC5 /* Frameworks */,
				DBCBE3E62BCFF4B800B6DAC5 /* Resources */,
			);
			buildRules = (
			);
			dependencies = (
			);
			name = SwiftUIPractice;
			productName = SwiftUIPractice;
			productReference = DBCBE3E82BCFF4B800B6DAC5 /* SwiftUIPractice.app */;
			productType = "com.apple.product-type.application";
		};
/* End PBXNativeTarget section */

/* Begin PBXProject section */
		DBCBE3E02BCFF4B800B6DAC5 /* Project object */ = {
			isa = PBXProject;
			attributes = {
				BuildIndependentTargetsInParallel = 1;
				LastSwiftUpdateCheck = 1530;
				LastUpgradeCheck = 1530;
				TargetAttributes = {
					DBCBE3E72BCFF4B800B6DAC5 = {
						CreatedOnToolsVersion = 15.3;
					};
				};
			};
			buildConfigurationList = DBCBE3E32BCFF4B800B6DAC5 /* Build configuration list for PBXProject "SwiftUIPractice" */;
			compatibilityVersion = "Xcode 14.0";
			developmentRegion = en;
			hasScannedForEncodings = 0;
			knownRegions = (
				en,
				Base,
			);
			mainGroup = DBCBE3DF2BCFF4B800B6DAC5;
			productRefGroup = DBCBE3E92BCFF4B800B6DAC5 /* Products */;
			projectDirPath = "";
			projectRoot = "";
			targets = (
				DBCBE3E72BCFF4B800B6DAC5 /* SwiftUIPractice */,
			);
		};
/* End PBXProject section */

/* Begin PBXResourcesBuildPhase section */
		DBCBE3E62BCFF4B800B6DAC5 /* Resources */ = {
			isa = PBXResourcesBuildPhase;
			buildActionMask = 2147483647;
			files = (
				DBCBE3F32BCFF4B900B6DAC5 /* Preview Assets.xcassets in Resources */,
				DBCBE3F02BCFF4B900B6DAC5 /* Assets.xcassets in Resources */,
			);
			runOnlyForDeploymentPostprocessing = 0;
		};
/* End PBXResourcesBuildPhase section */

/* Begin PBXSourcesBuildPhase section */
		DBCBE3E42BCFF4B800B6DAC5 /* Sources */ = {
			isa = PBXSourcesBuildPhase;
			buildActionMask = 2147483647;
			files = (
				DBCBE3EE2BCFF4B800B6DAC5 /* ContentView.swift in Sources */,
				DB2FDCC22BD006560036D325 /* ButtonView.swift in Sources */,
				DB2FDCCC2BD0103F0036D325 /* RecButtonView.swift in Sources */,
				DB2FDCC62BD0088D0036D325 /* SecondView.swift in Sources */,
				DB2FDCC02BD004E60036D325 /* TestView.swift in Sources */,
				DB2FDCC42BD0073B0036D325 /* SubTextModifier.swift in Sources */,
				DB2FDCC82BD008E10036D325 /* MainTextModifier.swift in Sources */,
				DB2FDCCA2BD00E660036D325 /* ThirdView.swift in Sources */,
				DBCBE3FC2BCFF92A00B6DAC5 /* ImageTextView.swift in Sources */,
				DBCBE3FA2BCFF61400B6DAC5 /* FirstView.swift in Sources */,
				DBCBE3EC2BCFF4B800B6DAC5 /* SwiftUIPracticeApp.swift in Sources */,
			);
			runOnlyForDeploymentPostprocessing = 0;
		};
/* End PBXSourcesBuildPhase section */

/* Begin XCBuildConfiguration section */
		DBCBE3F42BCFF4B900B6DAC5 /* Debug */ = {
			isa = XCBuildConfiguration;
			buildSettings = {
				ALWAYS_SEARCH_USER_PATHS = NO;
				ASSETCATALOG_COMPILER_GENERATE_SWIFT_ASSET_SYMBOL_EXTENSIONS = YES;
				CLANG_ANALYZER_NONNULL = YES;
				CLANG_ANALYZER_NUMBER_OBJECT_CONVERSION = YES_AGGRESSIVE;
				CLANG_CXX_LANGUAGE_STANDARD = "gnu++20";
				CLANG_ENABLE_MODULES = YES;
				CLANG_ENABLE_OBJC_ARC = YES;
				CLANG_ENABLE_OBJC_WEAK = YES;
				CLANG_WARN_BLOCK_CAPTURE_AUTORELEASING = YES;
				CLANG_WARN_BOOL_CONVERSION = YES;
				CLANG_WARN_COMMA = YES;
				CLANG_WARN_CONSTANT_CONVERSION = YES;
				CLANG_WARN_DEPRECATED_OBJC_IMPLEMENTATIONS = YES;
				CLANG_WARN_DIRECT_OBJC_ISA_USAGE = YES_ERROR;
				CLANG_WARN_DOCUMENTATION_COMMENTS = YES;
				CLANG_WARN_EMPTY_BODY = YES;
				CLANG_WARN_ENUM_CONVERSION = YES;
				CLANG_WARN_INFINITE_RECURSION = YES;
				CLANG_WARN_INT_CONVERSION = YES;
				CLANG_WARN_NON_LITERAL_NULL_CONVERSION = YES;
				CLANG_WARN_OBJC_IMPLICIT_RETAIN_SELF = YES;
				CLANG_WARN_OBJC_LITERAL_CONVERSION = YES;
				CLANG_WARN_OBJC_ROOT_CLASS = YES_ERROR;
				CLANG_WARN_QUOTED_INCLUDE_IN_FRAMEWORK_HEADER = YES;
				CLANG_WARN_RANGE_LOOP_ANALYSIS = YES;
				CLANG_WARN_STRICT_PROTOTYPES = YES;
				CLANG_WARN_SUSPICIOUS_MOVE = YES;
				CLANG_WARN_UNGUARDED_AVAILABILITY = YES_AGGRESSIVE;
				CLANG_WARN_UNREACHABLE_CODE = YES;
				CLANG_WARN__DUPLICATE_METHOD_MATCH = YES;
				COPY_PHASE_STRIP = NO;
				DEBUG_INFORMATION_FORMAT = dwarf;
				ENABLE_STRICT_OBJC_MSGSEND = YES;
				ENABLE_TESTABILITY = YES;
				ENABLE_USER_SCRIPT_SANDBOXING = YES;
				GCC_C_LANGUAGE_STANDARD = gnu17;
				GCC_DYNAMIC_NO_PIC = NO;
				GCC_NO_COMMON_BLOCKS = YES;
				GCC_OPTIMIZATION_LEVEL = 0;
				GCC_PREPROCESSOR_DEFINITIONS = (
					"DEBUG=1",
					"$(inherited)",
				);
				GCC_WARN_64_TO_32_BIT_CONVERSION = YES;
				GCC_WARN_ABOUT_RETURN_TYPE = YES_ERROR;
				GCC_WARN_UNDECLARED_SELECTOR = YES;
				GCC_WARN_UNINITIALIZED_AUTOS = YES_AGGRESSIVE;
				GCC_WARN_UNUSED_FUNCTION = YES;
				GCC_WARN_UNUSED_VARIABLE = YES;
				IPHONEOS_DEPLOYMENT_TARGET = 17.4;
				LOCALIZATION_PREFERS_STRING_CATALOGS = YES;
				MTL_ENABLE_DEBUG_INFO = INCLUDE_SOURCE;
				MTL_FAST_MATH = YES;
				ONLY_ACTIVE_ARCH = YES;
				SDKROOT = iphoneos;
				SWIFT_ACTIVE_COMPILATION_CONDITIONS = "DEBUG $(inherited)";
				SWIFT_OPTIMIZATION_LEVEL = "-Onone";
			};
			name = Debug;
		};
		DBCBE3F52BCFF4B900B6DAC5 /* Release */ = {
			isa = XCBuildConfiguration;
			buildSettings = {
				ALWAYS_SEARCH_USER_PATHS = NO;
				ASSETCATALOG_COMPILER_GENERATE_SWIFT_ASSET_SYMBOL_EXTENSIONS = YES;
				CLANG_ANALYZER_NONNULL = YES;
				CLANG_ANALYZER_NUMBER_OBJECT_CONVERSION = YES_AGGRESSIVE;
				CLANG_CXX_LANGUAGE_STANDARD = "gnu++20";
				CLANG_ENABLE_MODULES = YES;
				CLANG_ENABLE_OBJC_ARC = YES;
				CLANG_ENABLE_OBJC_WEAK = YES;
				CLANG_WARN_BLOCK_CAPTURE_AUTORELEASING = YES;
				CLANG_WARN_BOOL_CONVERSION = YES;
				CLANG_WARN_COMMA = YES;
				CLANG_WARN_CONSTANT_CONVERSION = YES;
				CLANG_WARN_DEPRECATED_OBJC_IMPLEMENTATIONS = YES;
				CLANG_WARN_DIRECT_OBJC_ISA_USAGE = YES_ERROR;
				CLANG_WARN_DOCUMENTATION_COMMENTS = YES;
				CLANG_WARN_EMPTY_BODY = YES;
				CLANG_WARN_ENUM_CONVERSION = YES;
				CLANG_WARN_INFINITE_RECURSION = YES;
				CLANG_WARN_INT_CONVERSION = YES;
				CLANG_WARN_NON_LITERAL_NULL_CONVERSION = YES;
				CLANG_WARN_OBJC_IMPLICIT_RETAIN_SELF = YES;
				CLANG_WARN_OBJC_LITERAL_CONVERSION = YES;
				CLANG_WARN_OBJC_ROOT_CLASS = YES_ERROR;
				CLANG_WARN_QUOTED_INCLUDE_IN_FRAMEWORK_HEADER = YES;
				CLANG_WARN_RANGE_LOOP_ANALYSIS = YES;
				CLANG_WARN_STRICT_PROTOTYPES = YES;
				CLANG_WARN_SUSPICIOUS_MOVE = YES;
				CLANG_WARN_UNGUARDED_AVAILABILITY = YES_AGGRESSIVE;
				CLANG_WARN_UNREACHABLE_CODE = YES;
				CLANG_WARN__DUPLICATE_METHOD_MATCH = YES;
				COPY_PHASE_STRIP = NO;
				DEBUG_INFORMATION_FORMAT = "dwarf-with-dsym";
				ENABLE_NS_ASSERTIONS = NO;
				ENABLE_STRICT_OBJC_MSGSEND = YES;
				ENABLE_USER_SCRIPT_SANDBOXING = YES;
				GCC_C_LANGUAGE_STANDARD = gnu17;
				GCC_NO_COMMON_BLOCKS = YES;
				GCC_WARN_64_TO_32_BIT_CONVERSION = YES;
				GCC_WARN_ABOUT_RETURN_TYPE = YES_ERROR;
				GCC_WARN_UNDECLARED_SELECTOR = YES;
				GCC_WARN_UNINITIALIZED_AUTOS = YES_AGGRESSIVE;
				GCC_WARN_UNUSED_FUNCTION = YES;
				GCC_WARN_UNUSED_VARIABLE = YES;
				IPHONEOS_DEPLOYMENT_TARGET = 17.4;
				LOCALIZATION_PREFERS_STRING_CATALOGS = YES;
				MTL_ENABLE_DEBUG_INFO = NO;
				MTL_FAST_MATH = YES;
				SDKROOT = iphoneos;
				SWIFT_COMPILATION_MODE = wholemodule;
				VALIDATE_PRODUCT = YES;
			};
			name = Release;
		};
		DBCBE3F72BCFF4B900B6DAC5 /* Debug */ = {
			isa = XCBuildConfiguration;
			buildSettings = {
				ASSETCATALOG_COMPILER_APPICON_NAME = AppIcon;
				ASSETCATALOG_COMPILER_GLOBAL_ACCENT_COLOR_NAME = AccentColor;
				CODE_SIGN_STYLE = Automatic;
				CURRENT_PROJECT_VERSION = 1;
				DEVELOPMENT_ASSET_PATHS = "\"SwiftUIPractice/Preview Content\"";
				DEVELOPMENT_TEAM = SUZFV58S8B;
				ENABLE_PREVIEWS = YES;
				GENERATE_INFOPLIST_FILE = YES;
				INFOPLIST_KEY_UIApplicationSceneManifest_Generation = YES;
				INFOPLIST_KEY_UIApplicationSupportsIndirectInputEvents = YES;
				INFOPLIST_KEY_UILaunchScreen_Generation = YES;
				INFOPLIST_KEY_UISupportedInterfaceOrientations_iPad = "UIInterfaceOrientationPortrait UIInterfaceOrientationPortraitUpsideDown UIInterfaceOrientationLandscapeLeft UIInterfaceOrientationLandscapeRight";
				INFOPLIST_KEY_UISupportedInterfaceOrientations_iPhone = "UIInterfaceOrientationPortrait UIInterfaceOrientationLandscapeLeft UIInterfaceOrientationLandscapeRight";
				LD_RUNPATH_SEARCH_PATHS = (
					"$(inherited)",
					"@executable_path/Frameworks",
				);
				MARKETING_VERSION = 1.0;
				PRODUCT_BUNDLE_IDENTIFIER = com.jinoo.SwiftUIPractice;
				PRODUCT_NAME = "$(TARGET_NAME)";
				SWIFT_EMIT_LOC_STRINGS = YES;
				SWIFT_VERSION = 5.0;
				TARGETED_DEVICE_FAMILY = "1,2";
			};
			name = Debug;
		};
		DBCBE3F82BCFF4B900B6DAC5 /* Release */ = {
			isa = XCBuildConfiguration;
			buildSettings = {
				ASSETCATALOG_COMPILER_APPICON_NAME = AppIcon;
				ASSETCATALOG_COMPILER_GLOBAL_ACCENT_COLOR_NAME = AccentColor;
				CODE_SIGN_STYLE = Automatic;
				CURRENT_PROJECT_VERSION = 1;
				DEVELOPMENT_ASSET_PATHS = "\"SwiftUIPractice/Preview Content\"";
				DEVELOPMENT_TEAM = SUZFV58S8B;
				ENABLE_PREVIEWS = YES;
				GENERATE_INFOPLIST_FILE = YES;
				INFOPLIST_KEY_UIApplicationSceneManifest_Generation = YES;
				INFOPLIST_KEY_UIApplicationSupportsIndirectInputEvents = YES;
				INFOPLIST_KEY_UILaunchScreen_Generation = YES;
				INFOPLIST_KEY_UISupportedInterfaceOrientations_iPad = "UIInterfaceOrientationPortrait UIInterfaceOrientationPortraitUpsideDown UIInterfaceOrientationLandscapeLeft UIInterfaceOrientationLandscapeRight";
				INFOPLIST_KEY_UISupportedInterfaceOrientations_iPhone = "UIInterfaceOrientationPortrait UIInterfaceOrientationLandscapeLeft UIInterfaceOrientationLandscapeRight";
				LD_RUNPATH_SEARCH_PATHS = (
					"$(inherited)",
					"@executable_path/Frameworks",
				);
				MARKETING_VERSION = 1.0;
				PRODUCT_BUNDLE_IDENTIFIER = com.jinoo.SwiftUIPractice;
				PRODUCT_NAME = "$(TARGET_NAME)";
				SWIFT_EMIT_LOC_STRINGS = YES;
				SWIFT_VERSION = 5.0;
				TARGETED_DEVICE_FAMILY = "1,2";
			};
			name = Release;
		};
/* End XCBuildConfiguration section */

/* Begin XCConfigurationList section */
		DBCBE3E32BCFF4B800B6DAC5 /* Build configuration list for PBXProject "SwiftUIPractice" */ = {
			isa = XCConfigurationList;
			buildConfigurations = (
				DBCBE3F42BCFF4B900B6DAC5 /* Debug */,
				DBCBE3F52BCFF4B900B6DAC5 /* Release */,
			);
			defaultConfigurationIsVisible = 0;
			defaultConfigurationName = Release;
		};
		DBCBE3F62BCFF4B900B6DAC5 /* Build configuration list for PBXNativeTarget "SwiftUIPractice" */ = {
			isa = XCConfigurationList;
			buildConfigurations = (
				DBCBE3F72BCFF4B900B6DAC5 /* Debug */,
				DBCBE3F82BCFF4B900B6DAC5 /* Release */,
			);
			defaultConfigurationIsVisible = 0;
			defaultConfigurationName = Release;
		};
/* End XCConfigurationList section */
	};
	rootObject = DBCBE3E02BCFF4B800B6DAC5 /* Project object */;
}
